
Microsoft Visual Studio Solution File, Format Version 12.00
# Visual Studio 15
VisualStudioVersion = 15.0.27004.2005
MinimumVisualStudioVersion = 10.0.40219.1
Project("{FAE04EC0-301F-11D3-BF4B-00C04F79EFBC}") = "WorkshopProject", "WorkshopProject\WorkshopProject.csproj", "{C600B8CF-47D8-46D2-8D3C-BC092789B6EA}"
EndProject
Project("{FAE04EC0-301F-11D3-BF4B-00C04F79EFBC}") = "TestingFramework", "TestingFramework\TestingFramework.csproj", "{C939D853-0A14-4909-ACB6-101AEB53FCC5}"
EndProject
Global
	GlobalSection(SolutionConfigurationPlatforms) = preSolution
		Debug|Any CPU = Debug|Any CPU
		Release|Any CPU = Release|Any CPU
	EndGlobalSection
	GlobalSection(ProjectConfigurationPlatforms) = postSolution
		{C600B8CF-47D8-46D2-8D3C-BC092789B6EA}.Debug|Any CPU.ActiveCfg = Debug|Any CPU
		{C600B8CF-47D8-46D2-8D3C-BC092789B6EA}.Debug|Any CPU.Build.0 = Debug|Any CPU
		{C600B8CF-47D8-46D2-8D3C-BC092789B6EA}.Release|Any CPU.ActiveCfg = Release|Any CPU
		{C600B8CF-47D8-46D2-8D3C-BC092789B6EA}.Release|Any CPU.Build.0 = Release|Any CPU
		{C939D853-0A14-4909-ACB6-101AEB53FCC5}.Debug|Any CPU.ActiveCfg = Debug|Any CPU
		{C939D853-0A14-4909-ACB6-101AEB53FCC5}.Debug|Any CPU.Build.0 = Debug|Any CPU
		{C939D853-0A14-4909-ACB6-101AEB53FCC5}.Release|Any CPU.ActiveCfg = Release|Any CPU
		{C939D853-0A14-4909-ACB6-101AEB53FCC5}.Release|Any CPU.Build.0 = Release|Any CPU
	EndGlobalSection
	GlobalSection(SolutionProperties) = preSolution
		HideSolutionNode = FALSE
	EndGlobalSection
	GlobalSection(ExtensibilityGlobals) = postSolution
		SolutionGuid = {96A986F0-BDC8-4AFC-A44C-29A01A1A6FB1}
	EndGlobalSection
EndGlobal
